<?xml version="1.0" encoding="utf-8"?>
<Project ToolsVersion="4.0" xmlns="http://schemas.microsoft.com/developer/msbuild/2003">
  <ItemGroup>
    <Filter Include="Source Files">
      <UniqueIdentifier>{4FC737F1-C7A5-4376-A066-2A32D752A2FF}</UniqueIdentifier>
      <Extensions>cpp;c;cc;cxx;c++;cppm;ixx;def;odl;idl;hpj;bat;asm;asmx</Extensions>
    </Filter>
    <Filter Include="Header Files">
      <UniqueIdentifier>{93995380-89BD-4b04-88EB-625FBE52EBFB}</UniqueIdentifier>
      <Extensions>h;hh;hpp;hxx;h++;hm;inl;inc;ipp;xsd</Extensions>
    </Filter>
    <Filter Include="Resource Files">
      <UniqueIdentifier>{67DA6AB6-F800-4c08-8B7A-83BB121AAD01}</UniqueIdentifier>
      <Extensions>rc;ico;cur;bmp;dlg;rc2;rct;bin;rgs;gif;jpg;jpeg;jpe;resx;tiff;tif;png;wav;mfcribbon-ms</Extensions>
    </Filter>
    <Filter Include="GodotIntegration">
      <UniqueIdentifier>{a8fe588f-668f-41a4-ae5c-3e1284725880}</UniqueIdentifier>
    </Filter>
    <Filter Include="GodotIntegration\Header Files">
      <UniqueIdentifier>{58e4955b-8965-4413-856b-24544f402795}</UniqueIdentifier>
    </Filter>
    <Filter Include="GodotIntegration\Source Files">
      <UniqueIdentifier>{1ffbc660-2be1-4e7c-9f95-4b8dc48c599a}</UniqueIdentifier>
    </Filter>
  </ItemGroup>
  <ItemGroup>
    <ClInclude Include="BoardManager.h">
      <Filter>Header Files</Filter>
    </ClInclude>
    <ClInclude Include="Player.h">
      <Filter>Header Files</Filter>
    </ClInclude>
    <ClInclude Include="Card.h">
      <Filter>Header Files</Filter>
    </ClInclude>
    <ClInclude Include="DealerAI.h">
      <Filter>Header Files</Filter>
    </ClInclude>
    <ClInclude Include="Behaviour.h">
      <Filter>Header Files</Filter>
    </ClInclude>
    <ClInclude Include="Ability.h">
      <Filter>Header Files</Filter>
    </ClInclude>
    <ClInclude Include="GDBoard.h">
      <Filter>GodotIntegration\Header Files</Filter>
    </ClInclude>
    <ClInclude Include="RegisterTypes.h">
      <Filter>GodotIntegration\Header Files</Filter>
    </ClInclude>
    <ClInclude Include="GDCard.h">
      <Filter>GodotIntegration\Header Files</Filter>
    </ClInclude>
    <ClInclude Include="GDPlayer.h">
      <Filter>GodotIntegration\Header Files</Filter>
    </ClInclude>
  </ItemGroup>
  <ItemGroup>
    <ClCompile Include="Card.cpp">
      <Filter>Source Files</Filter>
    </ClCompile>
    <ClCompile Include="main.cpp">
      <Filter>Source Files</Filter>
    </ClCompile>
    <ClCompile Include="BoardManager.cpp">
      <Filter>Source Files</Filter>
    </ClCompile>
    <ClCompile Include="Player.cpp">
      <Filter>Source Files</Filter>
    </ClCompile>
    <ClCompile Include="DealerAI.cpp">
      <Filter>Source Files</Filter>
    </ClCompile>
    <ClCompile Include="Behaviour.cpp">
      <Filter>Source Files</Filter>
    </ClCompile>
    <ClCompile Include="RegisterTypes.cpp">
      <Filter>GodotIntegration\Source Files</Filter>
    </ClCompile>
    <ClCompile Include="GDBoard.cpp">
      <Filter>GodotIntegration\Source Files</Filter>
    </ClCompile>
    <ClCompile Include="GDCard.cpp">
      <Filter>GodotIntegration\Source Files</Filter>
    </ClCompile>
    <ClCompile Include="GDPlayer.cpp">
      <Filter>Source Files</Filter>
    </ClCompile>
  </ItemGroup>
</Project>